// !$*UTF8*$!
{
	archiveVersion = 1;
	classes = {
	};
	objectVersion = 50;
	objects = {

/* Begin PBXBuildFile section */
		C52E66B725E0F08000B7019C /* MemorizeApp.swift in Sources */ = {isa = PBXBuildFile; fileRef = C52E66B625E0F08000B7019C /* MemorizeApp.swift */; };
		C52E66BB25E0F08000B7019C /* Assets.xcassets in Resources */ = {isa = PBXBuildFile; fileRef = C52E66BA25E0F08000B7019C /* Assets.xcassets */; };
		C52E66BE25E0F08000B7019C /* Preview Assets.xcassets in Resources */ = {isa = PBXBuildFile; fileRef = C52E66BD25E0F08000B7019C /* Preview Assets.xcassets */; };
		C58587CC25E0F1E000C6AF9A /* EmojiMemoryGameView.swift in Sources */ = {isa = PBXBuildFile; fileRef = C58587CB25E0F1E000C6AF9A /* EmojiMemoryGameView.swift */; };
		C58587CF25E0F20C00C6AF9A /* EmojiMemoryGame.swift in Sources */ = {isa = PBXBuildFile; fileRef = C58587CE25E0F20C00C6AF9A /* EmojiMemoryGame.swift */; };
		C58587D225E0F25800C6AF9A /* MemoryGame.swift in Sources */ = {isa = PBXBuildFile; fileRef = C58587D125E0F25800C6AF9A /* MemoryGame.swift */; };
		C58587D625E0F27B00C6AF9A /* Grid.swift in Sources */ = {isa = PBXBuildFile; fileRef = C58587D525E0F27B00C6AF9A /* Grid.swift */; };
		C58587DA25E0F29800C6AF9A /* GridLayout.swift in Sources */ = {isa = PBXBuildFile; fileRef = C58587D925E0F29800C6AF9A /* GridLayout.swift */; };
		C58587DE25E0F2C500C6AF9A /* Array+Identifiable.swift in Sources */ = {isa = PBXBuildFile; fileRef = C58587DD25E0F2C500C6AF9A /* Array+Identifiable.swift */; };
		C58587E725E0F30200C6AF9A /* Array+Only.swift in Sources */ = {isa = PBXBuildFile; fileRef = C58587E625E0F30200C6AF9A /* Array+Only.swift */; };
/* End PBXBuildFile section */

/* Begin PBXFileReference section */
		C52E66B325E0F08000B7019C /* Memorize.app */ = {isa = PBXFileReference; explicitFileType = wrapper.application; includeInIndex = 0; path = Memorize.app; sourceTree = BUILT_PRODUCTS_DIR; };
		C52E66B625E0F08000B7019C /* MemorizeApp.swift */ = {isa = PBXFileReference; lastKnownFileType = sourcecode.swift; path = MemorizeApp.swift; sourceTree = "<group>"; };
		C52E66BA25E0F08000B7019C /* Assets.xcassets */ = {isa = PBXFileReference; lastKnownFileType = folder.assetcatalog; path = Assets.xcassets; sourceTree = "<group>"; };
		C52E66BD25E0F08000B7019C /* Preview Assets.xcassets */ = {isa = PBXFileReference; lastKnownFileType = folder.assetcatalog; path = "Preview Assets.xcassets"; sourceTree = "<group>"; };
		C52E66BF25E0F08000B7019C /* Info.plist */ = {isa = PBXFileReference; lastKnownFileType = text.plist.xml; path = Info.plist; sourceTree = "<group>"; };
		C58587CB25E0F1E000C6AF9A /* EmojiMemoryGameView.swift */ = {isa = PBXFileReference; lastKnownFileType = sourcecode.swift; path = EmojiMemoryGameView.swift; sourceTree = "<group>"; };
		C58587CE25E0F20C00C6AF9A /* EmojiMemoryGame.swift */ = {isa = PBXFileReference; lastKnownFileType = sourcecode.swift; path = EmojiMemoryGame.swift; sourceTree = "<group>"; };
		C58587D125E0F25800C6AF9A /* MemoryGame.swift */ = {isa = PBXFileReference; lastKnownFileType = sourcecode.swift; path = MemoryGame.swift; sourceTree = "<group>"; };
		C58587D525E0F27B00C6AF9A /* Grid.swift */ = {isa = PBXFileReference; lastKnownFileType = sourcecode.swift; path = Grid.swift; sourceTree = "<group>"; };
		C58587D925E0F29800C6AF9A /* GridLayout.swift */ = {isa = PBXFileReference; lastKnownFileType = sourcecode.swift; path = GridLayout.swift; sourceTree = "<group>"; };
		C58587DD25E0F2C500C6AF9A /* Array+Identifiable.swift */ = {isa = PBXFileReference; lastKnownFileType = sourcecode.swift; path = "Array+Identifiable.swift"; sourceTree = "<group>"; };
		C58587E625E0F30200C6AF9A /* Array+Only.swift */ = {isa = PBXFileReference; lastKnownFileType = sourcecode.swift; path = "Array+Only.swift"; sourceTree = "<group>"; };
/* End PBXFileReference section */

/* Begin PBXFrameworksBuildPhase section */
		C52E66B025E0F08000B7019C /* Frameworks */ = {
			isa = PBXFrameworksBuildPhase;
			buildActionMask = 2147483647;
			files = (
			);
			runOnlyForDeploymentPostprocessing = 0;
		};
/* End PBXFrameworksBuildPhase section */

/* Begin PBXGroup section */
		C52E66AA25E0F08000B7019C = {
			isa = PBXGroup;
			children = (
				C52E66B525E0F08000B7019C /* Memorize */,
				C52E66B425E0F08000B7019C /* Products */,
			);
			sourceTree = "<group>";
		};
		C52E66B425E0F08000B7019C /* Products */ = {
			isa = PBXGroup;
			children = (
				C52E66B325E0F08000B7019C /* Memorize.app */,
			);
			name = Products;
			sourceTree = "<group>";
		};
		C52E66B525E0F08000B7019C /* Memorize */ = {
			isa = PBXGroup;
			children = (
				C52E66B625E0F08000B7019C /* MemorizeApp.swift */,
				C58587CB25E0F1E000C6AF9A /* EmojiMemoryGameView.swift */,
				C58587CE25E0F20C00C6AF9A /* EmojiMemoryGame.swift */,
				C58587D125E0F25800C6AF9A /* MemoryGame.swift */,
				C58587D525E0F27B00C6AF9A /* Grid.swift */,
				C58587D925E0F29800C6AF9A /* GridLayout.swift */,
				C58587DD25E0F2C500C6AF9A /* Array+Identifiable.swift */,
				C58587E625E0F30200C6AF9A /* Array+Only.swift */,
				C52E66BA25E0F08000B7019C /* Assets.xcassets */,
				C52E66BF25E0F08000B7019C /* Info.plist */,
				C52E66BC25E0F08000B7019C /* Preview Content */,
			);
			path = Memorize;
			sourceTree = "<group>";
		};
		C52E66BC25E0F08000B7019C /* Preview Content */ = {
			isa = PBXGroup;
			children = (
				C52E66BD25E0F08000B7019C /* Preview Assets.xcassets */,
			);
			path = "Preview Content";
			sourceTree = "<group>";
		};
/* End PBXGroup section */

/* Begin PBXNativeTarget section */
		C52E66B225E0F08000B7019C /* Memorize */ = {
			isa = PBXNativeTarget;
			buildConfigurationList = C52E66C225E0F08000B7019C /* Build configuration list for PBXNativeTarget "Memorize" */;
			buildPhases = (
				C52E66AF25E0F08000B7019C /* Sources */,
				C52E66B025E0F08000B7019C /* Frameworks */,
				C52E66B125E0F08000B7019C /* Resources */,
			);
			buildRules = (
			);
			dependencies = (
			);
			name = Memorize;
			productName = Memorize;
			productReference = C52E66B325E0F08000B7019C /* Memorize.app */;
			productType = "com.apple.product-type.application";
		};
/* End PBXNativeTarget section */

/* Begin PBXProject section */
		C52E66AB25E0F08000B7019C /* Project object */ = {
			isa = PBXProject;
			attributes = {
				LastSwiftUpdateCheck = 1240;
				LastUpgradeCheck = 1240;
				TargetAttributes = {
					C52E66B225E0F08000B7019C = {
						CreatedOnToolsVersion = 12.4;
					};
				};
			};
			buildConfigurationList = C52E66AE25E0F08000B7019C /* Build configuration list for PBXProject "Memorize" */;
			compatibilityVersion = "Xcode 9.3";
			developmentRegion = en;
			hasScannedForEncodings = 0;
			knownRegions = (
				en,
				Base,
			);
			mainGroup = C52E66AA25E0F08000B7019C;
			productRefGroup = C52E66B425E0F08000B7019C /* Products */;
			projectDirPath = "";
			projectRoot = "";
			targets = (
				C52E66B225E0F08000B7019C /* Memorize */,
			);
		};
/* End PBXProject section */

/* Begin PBXResourcesBuildPhase section */
		C52E66B125E0F08000B7019C /* Resources */ = {
			isa = PBXResourcesBuildPhase;
			buildActionMask = 2147483647;
			files = (
				C52E66BE25E0F08000B7019C /* Preview Assets.xcassets in Resources */,
				C52E66BB25E0F08000B7019C /* Assets.xcassets in Resources */,
			);
			runOnlyForDeploymentPostprocessing = 0;
		};
/* End PBXResourcesBuildPhase section */

/* Begin PBXSourcesBuildPhase section */
		C52E66AF25E0F08000B7019C /* Sources */ = {
			isa = PBXSourcesBuildPhase;
			buildActionMask = 2147483647;
			files = (
				C58587CC25E0F1E000C6AF9A /* EmojiMemoryGameView.swift in Sources */,
				C52E66B725E0F08000B7019C /* MemorizeApp.swift in Sources */,
				C58587D225E0F25800C6AF9A /* MemoryGame.swift in Sources */,
				C58587DA25E0F29800C6AF9A /* GridLayout.swift in Sources */,
				C58587D625E0F27B00C6AF9A /* Grid.swift in Sources */,
				C58587DE25E0F2C500C6AF9A /* Array+Identifiable.swift in Sources */,
				C58587CF25E0F20C00C6AF9A /* EmojiMemoryGame.swift in Sources */,
				C58587E725E0F30200C6AF9A /* Array+Only.swift in Sources */,
			);
			runOnlyForDeploymentPostprocessing = 0;
		};
/* End PBXSourcesBuildPhase section */

/* Begin XCBuildConfiguration section */
		C52E66C025E0F08000B7019C /* Debug */ = {
			isa = XCBuildConfiguration;
			buildSettings = {
				ALWAYS_SEARCH_USER_PATHS = NO;
				CLANG_ANALYZER_NONNULL = YES;
				CLANG_ANALYZER_NUMBER_OBJECT_CONVERSION = YES_AGGRESSIVE;
				CLANG_CXX_LANGUAGE_STANDARD = "gnu++14";
				CLANG_CXX_LIBRARY = "libc++";
				CLANG_ENABLE_MODULES = YES;
				CLANG_ENABLE_OBJC_ARC = YES;
				CLANG_ENABLE_OBJC_WEAK = YES;
				CLANG_WARN_BLOCK_CAPTURE_AUTORELEASING = YES;
				CLANG_WARN_BOOL_CONVERSION = YES;
				CLANG_WARN_COMMA = YES;
				CLANG_WARN_CONSTANT_CONVERSION = YES;
				CLANG_WARN_DEPRECATED_OBJC_IMPLEMENTATIONS = YES;
				CLANG_WARN_DIRECT_OBJC_ISA_USAGE = YES_ERROR;
				CLANG_WARN_DOCUMENTATION_COMMENTS = YES;
				CLANG_WARN_EMPTY_BODY = YES;
				CLANG_WARN_ENUM_CONVERSION = YES;
				CLANG_WARN_INFINITE_RECURSION = YES;
				CLANG_WARN_INT_CONVERSION = YES;
				CLANG_WARN_NON_LITERAL_NULL_CONVERSION = YES;
				CLANG_WARN_OBJC_IMPLICIT_RETAIN_SELF = YES;
				CLANG_WARN_OBJC_LITERAL_CONVERSION = YES;
				CLANG_WARN_OBJC_ROOT_CLASS = YES_ERROR;
				CLANG_WARN_QUOTED_INCLUDE_IN_FRAMEWORK_HEADER = YES;
				CLANG_WARN_RANGE_LOOP_ANALYSIS = YES;
				CLANG_WARN_STRICT_PROTOTYPES = YES;
				CLANG_WARN_SUSPICIOUS_MOVE = YES;
				CLANG_WARN_UNGUARDED_AVAILABILITY = YES_AGGRESSIVE;
				CLANG_WARN_UNREACHABLE_CODE = YES;
				CLANG_WARN__DUPLICATE_METHOD_MATCH = YES;
				COPY_PHASE_STRIP = NO;
				DEBUG_INFORMATION_FORMAT = dwarf;
				ENABLE_STRICT_OBJC_MSGSEND = YES;
				ENABLE_TESTABILITY = YES;
				GCC_C_LANGUAGE_STANDARD = gnu11;
				GCC_DYNAMIC_NO_PIC = NO;
				GCC_NO_COMMON_BLOCKS = YES;
				GCC_OPTIMIZATION_LEVEL = 0;
				GCC_PREPROCESSOR_DEFINITIONS = (
					"DEBUG=1",
					"$(inherited)",
				);
				GCC_WARN_64_TO_32_BIT_CONVERSION = YES;
				GCC_WARN_ABOUT_RETURN_TYPE = YES_ERROR;
				GCC_WARN_UNDECLARED_SELECTOR = YES;
				GCC_WARN_UNINITIALIZED_AUTOS = YES_AGGRESSIVE;
				GCC_WARN_UNUSED_FUNCTION = YES;
				GCC_WARN_UNUSED_VARIABLE = YES;
				IPHONEOS_DEPLOYMENT_TARGET = 14.4;
				MTL_ENABLE_DEBUG_INFO = INCLUDE_SOURCE;
				MTL_FAST_MATH = YES;
				ONLY_ACTIVE_ARCH = YES;
				SDKROOT = iphoneos;
				SWIFT_ACTIVE_COMPILATION_CONDITIONS = DEBUG;
				SWIFT_OPTIMIZATION_LEVEL = "-Onone";
			};
			name = Debug;
		};
		C52E66C125E0F08000B7019C /* Release */ = {
			isa = XCBuildConfiguration;
			buildSettings = {
				ALWAYS_SEARCH_USER_PATHS = NO;
				CLANG_ANALYZER_NONNULL = YES;
				CLANG_ANALYZER_NUMBER_OBJECT_CONVERSION = YES_AGGRESSIVE;
				CLANG_CXX_LANGUAGE_STANDARD = "gnu++14";
				CLANG_CXX_LIBRARY = "libc++";
				CLANG_ENABLE_MODULES = YES;
				CLANG_ENABLE_OBJC_ARC = YES;
				CLANG_ENABLE_OBJC_WEAK = YES;
				CLANG_WARN_BLOCK_CAPTURE_AUTORELEASING = YES;
				CLANG_WARN_BOOL_CONVERSION = YES;
				CLANG_WARN_COMMA = YES;
				CLANG_WARN_CONSTANT_CONVERSION = YES;
				CLANG_WARN_DEPRECATED_OBJC_IMPLEMENTATIONS = YES;
				CLANG_WARN_DIRECT_OBJC_ISA_USAGE = YES_ERROR;
				CLANG_WARN_DOCUMENTATION_COMMENTS = YES;
				CLANG_WARN_EMPTY_BODY = YES;
				CLANG_WARN_ENUM_CONVERSION = YES;
				CLANG_WARN_INFINITE_RECURSION = YES;
				CLANG_WARN_INT_CONVERSION = YES;
				CLANG_WARN_NON_LITERAL_NULL_CONVERSION = YES;
				CLANG_WARN_OBJC_IMPLICIT_RETAIN_SELF = YES;
				CLANG_WARN_OBJC_LITERAL_CONVERSION = YES;
				CLANG_WARN_OBJC_ROOT_CLASS = YES_ERROR;
				CLANG_WARN_QUOTED_INCLUDE_IN_FRAMEWORK_HEADER = YES;
				CLANG_WARN_RANGE_LOOP_ANALYSIS = YES;
				CLANG_WARN_STRICT_PROTOTYPES = YES;
				CLANG_WARN_SUSPICIOUS_MOVE = YES;
				CLANG_WARN_UNGUARDED_AVAILABILITY = YES_AGGRESSIVE;
				CLANG_WARN_UNREACHABLE_CODE = YES;
				CLANG_WARN__DUPLICATE_METHOD_MATCH = YES;
				COPY_PHASE_STRIP = NO;
				DEBUG_INFORMATION_FORMAT = "dwarf-with-dsym";
				ENABLE_NS_ASSERTIONS = NO;
				ENABLE_STRICT_OBJC_MSGSEND = YES;
				GCC_C_LANGUAGE_STANDARD = gnu11;
				GCC_NO_COMMON_BLOCKS = YES;
				GCC_WARN_64_TO_32_BIT_CONVERSION = YES;
				GCC_WARN_ABOUT_RETURN_TYPE = YES_ERROR;
				GCC_WARN_UNDECLARED_SELECTOR = YES;
				GCC_WARN_UNINITIALIZED_AUTOS = YES_AGGRESSIVE;
				GCC_WARN_UNUSED_FUNCTION = YES;
				GCC_WARN_UNUSED_VARIABLE = YES;
				IPHONEOS_DEPLOYMENT_TARGET = 14.4;
				MTL_ENABLE_DEBUG_INFO = NO;
				MTL_FAST_MATH = YES;
				SDKROOT = iphoneos;
				SWIFT_COMPILATION_MODE = wholemodule;
				SWIFT_OPTIMIZATION_LEVEL = "-O";
				VALIDATE_PRODUCT = YES;
			};
			name = Release;
		};
		C52E66C325E0F08000B7019C /* Debug */ = {
			isa = XCBuildConfiguration;
			buildSettings = {
				ASSETCATALOG_COMPILER_APPICON_NAME = AppIcon;
				ASSETCATALOG_COMPILER_GLOBAL_ACCENT_COLOR_NAME = AccentColor;
				CODE_SIGN_STYLE = Automatic;
				DEVELOPMENT_ASSET_PATHS = "\"Memorize/Preview Content\"";
				DEVELOPMENT_TEAM = 6778D5TG9L;
				ENABLE_PREVIEWS = YES;
				INFOPLIST_FILE = Memorize/Info.plist;
				IPHONEOS_DEPLOYMENT_TARGET = 14.0;
				LD_RUNPATH_SEARCH_PATHS = (
					"$(inherited)",
					"@executable_path/Frameworks",
				);
				PRODUCT_BUNDLE_IDENTIFIER = me.guopop.Memorize;
				PRODUCT_NAME = "$(TARGET_NAME)";
				SWIFT_VERSION = 5.0;
				TARGETED_DEVICE_FAMILY = "1,2";
			};
			name = Debug;
		};
		C52E66C425E0F08000B7019C /* Release */ = {
			isa = XCBuildConfiguration;
			buildSettings = {
				ASSETCATALOG_COMPILER_APPICON_NAME = AppIcon;
				ASSETCATALOG_COMPILER_GLOBAL_ACCENT_COLOR_NAME = AccentColor;
				CODE_SIGN_STYLE = Automatic;
				DEVELOPMENT_ASSET_PATHS = "\"Memorize/Preview Content\"";
				DEVELOPMENT_TEAM = 6778D5TG9L;
				ENABLE_PREVIEWS = YES;
				INFOPLIST_FILE = Memorize/Info.plist;
				IPHONEOS_DEPLOYMENT_TARGET = 14.0;
				LD_RUNPATH_SEARCH_PATHS = (
					"$(inherited)",
					"@executable_path/Frameworks",
				);
				PRODUCT_BUNDLE_IDENTIFIER = me.guopop.Memorize;
				PRODUCT_NAME = "$(TARGET_NAME)";
				SWIFT_VERSION = 5.0;
				TARGETED_DEVICE_FAMILY = "1,2";
			};
			name = Release;
		};
/* End XCBuildConfiguration section */

/* Begin XCConfigurationList section */
		C52E66AE25E0F08000B7019C /* Build configuration list for PBXProject "Memorize" */ = {
			isa = XCConfigurationList;
			buildConfigurations = (
				C52E66C025E0F08000B7019C /* Debug */,
				C52E66C125E0F08000B7019C /* Release */,
			);
			defaultConfigurationIsVisible = 0;
			defaultConfigurationName = Release;
		};
		C52E66C225E0F08000B7019C /* Build configuration list for PBXNativeTarget "Memorize" */ = {
			isa = XCConfigurationList;
			buildConfigurations = (
				C52E66C325E0F08000B7019C /* Debug */,
				C52E66C425E0F08000B7019C /* Release */,
			);
			defaultConfigurationIsVisible = 0;
			defaultConfigurationName = Release;
		};
/* End XCConfigurationList section */
	};
	rootObject = C52E66AB25E0F08000B7019C /* Project object */;
}
